
Microsoft Visual Studio Solution File, Format Version 12.00
# Visual Studio Version 17
VisualStudioVersion = 17.4.33213.308
MinimumVisualStudioVersion = 10.0.40219.1
Project("{FAE04EC0-301F-11D3-BF4B-00C04F79EFBC}") = "Week15OOPAndFiles", "Week15OOPAndFiles\Week15OOPAndFiles.csproj", "{278BDA6E-9BC3-4C91-BF04-1774AA0A3029}"
EndProject
Global
	GlobalSection(SolutionConfigurationPlatforms) = preSolution
		Debug|Any CPU = Debug|Any CPU
		Release|Any CPU = Release|Any CPU
	EndGlobalSection
	GlobalSection(ProjectConfigurationPlatforms) = postSolution
		{278BDA6E-9BC3-4C91-BF04-1774AA0A3029}.Debug|Any CPU.ActiveCfg = Debug|Any CPU
		{278BDA6E-9BC3-4C91-BF04-1774AA0A3029}.Debug|Any CPU.Build.0 = Debug|Any CPU
		{278BDA6E-9BC3-4C91-BF04-1774AA0A3029}.Release|Any CPU.ActiveCfg = Release|Any CPU
		{278BDA6E-9BC3-4C91-BF04-1774AA0A3029}.Release|Any CPU.Build.0 = Release|Any CPU
	EndGlobalSection
	GlobalSection(SolutionProperties) = preSolution
		HideSolutionNode = FALSE
	EndGlobalSection
	GlobalSection(ExtensibilityGlobals) = postSolution
		SolutionGuid = {EF10531C-E71A-4866-8DF3-4EDCBDA5C7D8}
	EndGlobalSection
EndGlobal
